
Microsoft Visual Studio Solution File, Format Version 12.00
# Visual Studio Version 16
VisualStudioVersion = 16.0.33529.622
MinimumVisualStudioVersion = 10.0.40219.1
Project("{FAE04EC0-301F-11D3-BF4B-00C04F79EFBC}") = "WebApplication11", "WebApplication11\WebApplication11.csproj", "{252F8F8E-3B14-48C5-9C38-8D4E21B03A9D}"
EndProject
Global
	GlobalSection(SolutionConfigurationPlatforms) = preSolution
		Debug|Any CPU = Debug|Any CPU
		Release|Any CPU = Release|Any CPU
	EndGlobalSection
	GlobalSection(ProjectConfigurationPlatforms) = postSolution
		{252F8F8E-3B14-48C5-9C38-8D4E21B03A9D}.Debug|Any CPU.ActiveCfg = Debug|Any CPU
		{252F8F8E-3B14-48C5-9C38-8D4E21B03A9D}.Debug|Any CPU.Build.0 = Debug|Any CPU
		{252F8F8E-3B14-48C5-9C38-8D4E21B03A9D}.Release|Any CPU.ActiveCfg = Release|Any CPU
		{252F8F8E-3B14-48C5-9C38-8D4E21B03A9D}.Release|Any CPU.Build.0 = Release|Any CPU
	EndGlobalSection
	GlobalSection(SolutionProperties) = preSolution
		HideSolutionNode = FALSE
	EndGlobalSection
	GlobalSection(ExtensibilityGlobals) = postSolution
		SolutionGuid = {801CF54B-C5F2-4F60-ACF3-702D4B323303}
	EndGlobalSection
EndGlobal
