
Microsoft Visual Studio Solution File, Format Version 12.00
# Visual Studio Version 16
VisualStudioVersion = 16.0.33529.622
MinimumVisualStudioVersion = 10.0.40219.1
Project("{FAE04EC0-301F-11D3-BF4B-00C04F79EFBC}") = "Hello", "Hello\Hello.csproj", "{FE0E02B0-3F7E-43A9-A80F-965366990D48}"
EndProject
Global
	GlobalSection(SolutionConfigurationPlatforms) = preSolution
		Debug|Any CPU = Debug|Any CPU
		Release|Any CPU = Release|Any CPU
	EndGlobalSection
	GlobalSection(ProjectConfigurationPlatforms) = postSolution
		{FE0E02B0-3F7E-43A9-A80F-965366990D48}.Debug|Any CPU.ActiveCfg = Debug|Any CPU
		{FE0E02B0-3F7E-43A9-A80F-965366990D48}.Debug|Any CPU.Build.0 = Debug|Any CPU
		{FE0E02B0-3F7E-43A9-A80F-965366990D48}.Release|Any CPU.ActiveCfg = Release|Any CPU
		{FE0E02B0-3F7E-43A9-A80F-965366990D48}.Release|Any CPU.Build.0 = Release|Any CPU
	EndGlobalSection
	GlobalSection(SolutionProperties) = preSolution
		HideSolutionNode = FALSE
	EndGlobalSection
	GlobalSection(ExtensibilityGlobals) = postSolution
		SolutionGuid = {A476FDFE-95E1-4B58-AD9B-51842DA624EE}
	EndGlobalSection
EndGlobal
