
Microsoft Visual Studio Solution File, Format Version 12.00
# Visual Studio Version 16
VisualStudioVersion = 16.0.33529.622
MinimumVisualStudioVersion = 10.0.40219.1
Project("{FAE04EC0-301F-11D3-BF4B-00C04F79EFBC}") = "If_else", "If_else\If_else.csproj", "{6425054F-BC7A-42D4-BEDB-41276788AD0E}"
EndProject
Global
	GlobalSection(SolutionConfigurationPlatforms) = preSolution
		Debug|Any CPU = Debug|Any CPU
		Release|Any CPU = Release|Any CPU
	EndGlobalSection
	GlobalSection(ProjectConfigurationPlatforms) = postSolution
		{6425054F-BC7A-42D4-BEDB-41276788AD0E}.Debug|Any CPU.ActiveCfg = Debug|Any CPU
		{6425054F-BC7A-42D4-BEDB-41276788AD0E}.Debug|Any CPU.Build.0 = Debug|Any CPU
		{6425054F-BC7A-42D4-BEDB-41276788AD0E}.Release|Any CPU.ActiveCfg = Release|Any CPU
		{6425054F-BC7A-42D4-BEDB-41276788AD0E}.Release|Any CPU.Build.0 = Release|Any CPU
	EndGlobalSection
	GlobalSection(SolutionProperties) = preSolution
		HideSolutionNode = FALSE
	EndGlobalSection
	GlobalSection(ExtensibilityGlobals) = postSolution
		SolutionGuid = {B870D03B-E315-4F0A-BD99-26F0698CA371}
	EndGlobalSection
EndGlobal
