
Microsoft Visual Studio Solution File, Format Version 12.00
# Visual Studio Version 16
VisualStudioVersion = 16.0.33529.622
MinimumVisualStudioVersion = 10.0.40219.1
Project("{FAE04EC0-301F-11D3-BF4B-00C04F79EFBC}") = "WebApplication10", "WebApplication10\WebApplication10.csproj", "{415FFF9A-9379-4447-BC21-434233BA3080}"
EndProject
Global
	GlobalSection(SolutionConfigurationPlatforms) = preSolution
		Debug|Any CPU = Debug|Any CPU
		Release|Any CPU = Release|Any CPU
	EndGlobalSection
	GlobalSection(ProjectConfigurationPlatforms) = postSolution
		{415FFF9A-9379-4447-BC21-434233BA3080}.Debug|Any CPU.ActiveCfg = Debug|Any CPU
		{415FFF9A-9379-4447-BC21-434233BA3080}.Debug|Any CPU.Build.0 = Debug|Any CPU
		{415FFF9A-9379-4447-BC21-434233BA3080}.Release|Any CPU.ActiveCfg = Release|Any CPU
		{415FFF9A-9379-4447-BC21-434233BA3080}.Release|Any CPU.Build.0 = Release|Any CPU
	EndGlobalSection
	GlobalSection(SolutionProperties) = preSolution
		HideSolutionNode = FALSE
	EndGlobalSection
	GlobalSection(ExtensibilityGlobals) = postSolution
		SolutionGuid = {669EFF27-370E-446E-A0BB-58202B864988}
	EndGlobalSection
EndGlobal
