
Microsoft Visual Studio Solution File, Format Version 12.00
# Visual Studio Version 16
VisualStudioVersion = 16.0.33529.622
MinimumVisualStudioVersion = 10.0.40219.1
Project("{FAE04EC0-301F-11D3-BF4B-00C04F79EFBC}") = "WebApplication8", "WebApplication8\WebApplication8.csproj", "{8F551DE4-6E5F-4744-9632-17441B49C03F}"
EndProject
Global
	GlobalSection(SolutionConfigurationPlatforms) = preSolution
		Debug|Any CPU = Debug|Any CPU
		Release|Any CPU = Release|Any CPU
	EndGlobalSection
	GlobalSection(ProjectConfigurationPlatforms) = postSolution
		{8F551DE4-6E5F-4744-9632-17441B49C03F}.Debug|Any CPU.ActiveCfg = Debug|Any CPU
		{8F551DE4-6E5F-4744-9632-17441B49C03F}.Debug|Any CPU.Build.0 = Debug|Any CPU
		{8F551DE4-6E5F-4744-9632-17441B49C03F}.Release|Any CPU.ActiveCfg = Release|Any CPU
		{8F551DE4-6E5F-4744-9632-17441B49C03F}.Release|Any CPU.Build.0 = Release|Any CPU
	EndGlobalSection
	GlobalSection(SolutionProperties) = preSolution
		HideSolutionNode = FALSE
	EndGlobalSection
	GlobalSection(ExtensibilityGlobals) = postSolution
		SolutionGuid = {81912AB1-4177-45D9-9B5E-3B0CA272A840}
	EndGlobalSection
EndGlobal
