
Microsoft Visual Studio Solution File, Format Version 12.00
# Visual Studio Version 16
VisualStudioVersion = 16.0.33529.622
MinimumVisualStudioVersion = 10.0.40219.1
Project("{FAE04EC0-301F-11D3-BF4B-00C04F79EFBC}") = "MethodOverloading", "MethodOverloading\MethodOverloading.csproj", "{FB835517-73E1-48FF-9210-E40F500EA6D0}"
EndProject
Global
	GlobalSection(SolutionConfigurationPlatforms) = preSolution
		Debug|Any CPU = Debug|Any CPU
		Release|Any CPU = Release|Any CPU
	EndGlobalSection
	GlobalSection(ProjectConfigurationPlatforms) = postSolution
		{FB835517-73E1-48FF-9210-E40F500EA6D0}.Debug|Any CPU.ActiveCfg = Debug|Any CPU
		{FB835517-73E1-48FF-9210-E40F500EA6D0}.Debug|Any CPU.Build.0 = Debug|Any CPU
		{FB835517-73E1-48FF-9210-E40F500EA6D0}.Release|Any CPU.ActiveCfg = Release|Any CPU
		{FB835517-73E1-48FF-9210-E40F500EA6D0}.Release|Any CPU.Build.0 = Release|Any CPU
	EndGlobalSection
	GlobalSection(SolutionProperties) = preSolution
		HideSolutionNode = FALSE
	EndGlobalSection
	GlobalSection(ExtensibilityGlobals) = postSolution
		SolutionGuid = {5D4E4721-1055-459F-80C9-92C09BCFB9BB}
	EndGlobalSection
EndGlobal
