
Microsoft Visual Studio Solution File, Format Version 12.00
# Visual Studio Version 16
VisualStudioVersion = 16.0.33529.622
MinimumVisualStudioVersion = 10.0.40219.1
Project("{FAE04EC0-301F-11D3-BF4B-00C04F79EFBC}") = "constructor", "constructor\constructor.csproj", "{99E83179-BE8A-4204-B5FB-35DE22BBE377}"
EndProject
Global
	GlobalSection(SolutionConfigurationPlatforms) = preSolution
		Debug|Any CPU = Debug|Any CPU
		Release|Any CPU = Release|Any CPU
	EndGlobalSection
	GlobalSection(ProjectConfigurationPlatforms) = postSolution
		{99E83179-BE8A-4204-B5FB-35DE22BBE377}.Debug|Any CPU.ActiveCfg = Debug|Any CPU
		{99E83179-BE8A-4204-B5FB-35DE22BBE377}.Debug|Any CPU.Build.0 = Debug|Any CPU
		{99E83179-BE8A-4204-B5FB-35DE22BBE377}.Release|Any CPU.ActiveCfg = Release|Any CPU
		{99E83179-BE8A-4204-B5FB-35DE22BBE377}.Release|Any CPU.Build.0 = Release|Any CPU
	EndGlobalSection
	GlobalSection(SolutionProperties) = preSolution
		HideSolutionNode = FALSE
	EndGlobalSection
	GlobalSection(ExtensibilityGlobals) = postSolution
		SolutionGuid = {DA096002-8048-4ADF-BDAC-F7F2D49815C1}
	EndGlobalSection
EndGlobal
