
Microsoft Visual Studio Solution File, Format Version 12.00
# Visual Studio Version 16
VisualStudioVersion = 16.0.33529.622
MinimumVisualStudioVersion = 10.0.40219.1
Project("{FAE04EC0-301F-11D3-BF4B-00C04F79EFBC}") = "WebApplication3", "WebApplication3\WebApplication3.csproj", "{8ABC2C4A-42B2-46B4-9830-F6525963497D}"
EndProject
Global
	GlobalSection(SolutionConfigurationPlatforms) = preSolution
		Debug|Any CPU = Debug|Any CPU
		Release|Any CPU = Release|Any CPU
	EndGlobalSection
	GlobalSection(ProjectConfigurationPlatforms) = postSolution
		{8ABC2C4A-42B2-46B4-9830-F6525963497D}.Debug|Any CPU.ActiveCfg = Debug|Any CPU
		{8ABC2C4A-42B2-46B4-9830-F6525963497D}.Debug|Any CPU.Build.0 = Debug|Any CPU
		{8ABC2C4A-42B2-46B4-9830-F6525963497D}.Release|Any CPU.ActiveCfg = Release|Any CPU
		{8ABC2C4A-42B2-46B4-9830-F6525963497D}.Release|Any CPU.Build.0 = Release|Any CPU
	EndGlobalSection
	GlobalSection(SolutionProperties) = preSolution
		HideSolutionNode = FALSE
	EndGlobalSection
	GlobalSection(ExtensibilityGlobals) = postSolution
		SolutionGuid = {DAD4F1F9-B367-4C78-83AF-A9D9729E6F86}
	EndGlobalSection
EndGlobal
